// !$*UTF8*$!
{
	archiveVersion = 1;
	classes = {
	};
	objectVersion = 45;
	objects = {

/* Begin PBXBuildFile section */
		1D3623260D0F684500981E51 /* GeoCompassAppDelegate.mm in Sources */ = {isa = PBXBuildFile; fileRef = 1D3623250D0F684500981E51 /* GeoCompassAppDelegate.mm */; };
		1D5AAA8A10ED441E00F5EBCB /* LICENSE in Resources */ = {isa = PBXBuildFile; fileRef = 1D5AAA7410ED441E00F5EBCB /* LICENSE */; };
		1D60589B0D05DD56006BFB54 /* main.mm in Sources */ = {isa = PBXBuildFile; fileRef = 29B97316FDCFA39411CA2CEA /* main.mm */; };
		1D60589F0D05DD5A006BFB54 /* Foundation.framework in Frameworks */ = {isa = PBXBuildFile; fileRef = 1D30AB110D05D00D00671497 /* Foundation.framework */; };
		1DD02A3F10ED211D009644B2 /* Arrow.xib in Resources */ = {isa = PBXBuildFile; fileRef = 1DD02A3E10ED211D009644B2 /* Arrow.xib */; };
		1DD02A4210ED21B7009644B2 /* arrow.png in Resources */ = {isa = PBXBuildFile; fileRef = 1DD02A4110ED21B7009644B2 /* arrow.png */; };
		1DD02A4610ED2315009644B2 /* ArrowViewController.mm in Sources */ = {isa = PBXBuildFile; fileRef = 1DD02A4510ED2315009644B2 /* ArrowViewController.mm */; };
		1DD02A4E10ED246A009644B2 /* CoreLocation.framework in Frameworks */ = {isa = PBXBuildFile; fileRef = 1DD02A4D10ED246A009644B2 /* CoreLocation.framework */; };
		1DF5F4E00D08C38300B7A737 /* UIKit.framework in Frameworks */ = {isa = PBXBuildFile; fileRef = 1DF5F4DF0D08C38300B7A737 /* UIKit.framework */; };
		288765A50DF7441C002DB57D /* CoreGraphics.framework in Frameworks */ = {isa = PBXBuildFile; fileRef = 288765A40DF7441C002DB57D /* CoreGraphics.framework */; };
		28AD733F0D9D9553002E5188 /* MainWindow.xib in Resources */ = {isa = PBXBuildFile; fileRef = 28AD733E0D9D9553002E5188 /* MainWindow.xib */; };
		28C3AD8A0F43EF2300507BA6 /* GeoCompass.xcdatamodel in Sources */ = {isa = PBXBuildFile; fileRef = 28C3AD890F43EF2300507BA6 /* GeoCompass.xcdatamodel */; };
		28D801B40F44B63D00FB423F /* CoreData.framework in Frameworks */ = {isa = PBXBuildFile; fileRef = 28D801B30F44B63D00FB423F /* CoreData.framework */; };
/* End PBXBuildFile section */

/* Begin PBXFileReference section */
		1D30AB110D05D00D00671497 /* Foundation.framework */ = {isa = PBXFileReference; lastKnownFileType = wrapper.framework; name = Foundation.framework; path = System/Library/Frameworks/Foundation.framework; sourceTree = SDKROOT; };
		1D3623240D0F684500981E51 /* GeoCompassAppDelegate.h */ = {isa = PBXFileReference; fileEncoding = 4; lastKnownFileType = sourcecode.c.h; path = GeoCompassAppDelegate.h; sourceTree = "<group>"; };
		1D3623250D0F684500981E51 /* GeoCompassAppDelegate.mm */ = {isa = PBXFileReference; fileEncoding = 4; lastKnownFileType = sourcecode.cpp.objcpp; path = GeoCompassAppDelegate.mm; sourceTree = "<group>"; };
		1D5AAA6510ED441E00F5EBCB /* axisAlignedBoundingBox.h */ = {isa = PBXFileReference; fileEncoding = 4; lastKnownFileType = sourcecode.c.h; path = axisAlignedBoundingBox.h; sourceTree = "<group>"; };
		1D5AAA6610ED441E00F5EBCB /* details.hpp */ = {isa = PBXFileReference; fileEncoding = 4; lastKnownFileType = sourcecode.cpp.h; path = details.hpp; sourceTree = "<group>"; };
		1D5AAA6710ED441E00F5EBCB /* exception.hpp */ = {isa = PBXFileReference; fileEncoding = 4; lastKnownFileType = sourcecode.cpp.h; path = exception.hpp; sourceTree = "<group>"; };
		1D5AAA6810ED441E00F5EBCB /* frustum.h */ = {isa = PBXFileReference; fileEncoding = 4; lastKnownFileType = sourcecode.c.h; path = frustum.h; sourceTree = "<group>"; };
		1D5AAA6910ED441E00F5EBCB /* frustum.hpp */ = {isa = PBXFileReference; fileEncoding = 4; lastKnownFileType = sourcecode.cpp.h; path = frustum.hpp; sourceTree = "<group>"; };
		1D5AAA6A10ED441E00F5EBCB /* frustumCuller.h */ = {isa = PBXFileReference; fileEncoding = 4; lastKnownFileType = sourcecode.c.h; path = frustumCuller.h; sourceTree = "<group>"; };
		1D5AAA6B10ED441E00F5EBCB /* frustumCuller.hpp */ = {isa = PBXFileReference; fileEncoding = 4; lastKnownFileType = sourcecode.cpp.h; path = frustumCuller.hpp; sourceTree = "<group>"; };
		1D5AAA6C10ED441E00F5EBCB /* helperFunctions.h */ = {isa = PBXFileReference; fileEncoding = 4; lastKnownFileType = sourcecode.c.h; path = helperFunctions.h; sourceTree = "<group>"; };
		1D5AAA6D10ED441E00F5EBCB /* jacobiSolver.h */ = {isa = PBXFileReference; fileEncoding = 4; lastKnownFileType = sourcecode.c.h; path = jacobiSolver.h; sourceTree = "<group>"; };
		1D5AAA6E10ED441E00F5EBCB /* jacobiSolver.hpp */ = {isa = PBXFileReference; fileEncoding = 4; lastKnownFileType = sourcecode.cpp.h; path = jacobiSolver.hpp; sourceTree = "<group>"; };
		1D5AAA6F10ED441E00F5EBCB /* lapack.hpp */ = {isa = PBXFileReference; fileEncoding = 4; lastKnownFileType = sourcecode.cpp.h; path = lapack.hpp; sourceTree = "<group>"; };
		1D5AAA7010ED441E00F5EBCB /* lapack_includes.hpp */ = {isa = PBXFileReference; fileEncoding = 4; lastKnownFileType = sourcecode.cpp.h; path = lapack_includes.hpp; sourceTree = "<group>"; };
		1D5AAA7110ED441E00F5EBCB /* lapack_linear_least_squares.hpp */ = {isa = PBXFileReference; fileEncoding = 4; lastKnownFileType = sourcecode.cpp.h; path = lapack_linear_least_squares.hpp; sourceTree = "<group>"; };
		1D5AAA7210ED441E00F5EBCB /* lapack_svd.hpp */ = {isa = PBXFileReference; fileEncoding = 4; lastKnownFileType = sourcecode.cpp.h; path = lapack_svd.hpp; sourceTree = "<group>"; };
		1D5AAA7310ED441E00F5EBCB /* lapack_types.hpp */ = {isa = PBXFileReference; fileEncoding = 4; lastKnownFileType = sourcecode.cpp.h; path = lapack_types.hpp; sourceTree = "<group>"; };
		1D5AAA7410ED441E00F5EBCB /* LICENSE */ = {isa = PBXFileReference; fileEncoding = 4; lastKnownFileType = text; path = LICENSE; sourceTree = "<group>"; };
		1D5AAA7510ED441E00F5EBCB /* linear_least_squares.hpp */ = {isa = PBXFileReference; fileEncoding = 4; lastKnownFileType = sourcecode.cpp.h; path = linear_least_squares.hpp; sourceTree = "<group>"; };
		1D5AAA7610ED441E00F5EBCB /* matrix.hpp */ = {isa = PBXFileReference; fileEncoding = 4; lastKnownFileType = sourcecode.cpp.h; path = matrix.hpp; sourceTree = "<group>"; };
		1D5AAA7710ED441E00F5EBCB /* matrix3.h */ = {isa = PBXFileReference; fileEncoding = 4; lastKnownFileType = sourcecode.c.h; path = matrix3.h; sourceTree = "<group>"; };
		1D5AAA7810ED441E00F5EBCB /* matrix4.h */ = {isa = PBXFileReference; fileEncoding = 4; lastKnownFileType = sourcecode.c.h; path = matrix4.h; sourceTree = "<group>"; };
		1D5AAA7910ED441E00F5EBCB /* matrix_functors.hpp */ = {isa = PBXFileReference; fileEncoding = 4; lastKnownFileType = sourcecode.cpp.h; path = matrix_functors.hpp; sourceTree = "<group>"; };
		1D5AAA7A10ED441E00F5EBCB /* qr_decomposition.hpp */ = {isa = PBXFileReference; fileEncoding = 4; lastKnownFileType = sourcecode.cpp.h; path = qr_decomposition.hpp; sourceTree = "<group>"; };
		1D5AAA7B10ED441E00F5EBCB /* quaternion.h */ = {isa = PBXFileReference; fileEncoding = 4; lastKnownFileType = sourcecode.c.h; path = quaternion.h; sourceTree = "<group>"; };
		1D5AAA7C10ED441E00F5EBCB /* quaternion.hpp */ = {isa = PBXFileReference; fileEncoding = 4; lastKnownFileType = sourcecode.cpp.h; path = quaternion.hpp; sourceTree = "<group>"; };
		1D5AAA7D10ED441E00F5EBCB /* stringUtils.h */ = {isa = PBXFileReference; fileEncoding = 4; lastKnownFileType = sourcecode.c.h; path = stringUtils.h; sourceTree = "<group>"; };
		1D5AAA7E10ED441E00F5EBCB /* stringUtils.hpp */ = {isa = PBXFileReference; fileEncoding = 4; lastKnownFileType = sourcecode.cpp.h; path = stringUtils.hpp; sourceTree = "<group>"; };
		1D5AAA7F10ED441E00F5EBCB /* svd.h */ = {isa = PBXFileReference; fileEncoding = 4; lastKnownFileType = sourcecode.c.h; path = svd.h; sourceTree = "<group>"; };
		1D5AAA8010ED441E00F5EBCB /* svd.hpp */ = {isa = PBXFileReference; fileEncoding = 4; lastKnownFileType = sourcecode.cpp.h; path = svd.hpp; sourceTree = "<group>"; };
		1D5AAA8110ED441E00F5EBCB /* vector.hpp */ = {isa = PBXFileReference; fileEncoding = 4; lastKnownFileType = sourcecode.cpp.h; path = vector.hpp; sourceTree = "<group>"; };
		1D5AAA8210ED441E00F5EBCB /* vector2.h */ = {isa = PBXFileReference; fileEncoding = 4; lastKnownFileType = sourcecode.c.h; path = vector2.h; sourceTree = "<group>"; };
		1D5AAA8310ED441E00F5EBCB /* vector3.h */ = {isa = PBXFileReference; fileEncoding = 4; lastKnownFileType = sourcecode.c.h; path = vector3.h; sourceTree = "<group>"; };
		1D5AAA8410ED441E00F5EBCB /* vector4.h */ = {isa = PBXFileReference; fileEncoding = 4; lastKnownFileType = sourcecode.c.h; path = vector4.h; sourceTree = "<group>"; };
		1D5AAA8510ED441E00F5EBCB /* visibility.h */ = {isa = PBXFileReference; fileEncoding = 4; lastKnownFileType = sourcecode.c.h; path = visibility.h; sourceTree = "<group>"; };
		1D5AAA8610ED441E00F5EBCB /* visibility.hpp */ = {isa = PBXFileReference; fileEncoding = 4; lastKnownFileType = sourcecode.cpp.h; path = visibility.hpp; sourceTree = "<group>"; };
		1D5AAA8710ED441E00F5EBCB /* vmmlib.h */ = {isa = PBXFileReference; fileEncoding = 4; lastKnownFileType = sourcecode.c.h; path = vmmlib.h; sourceTree = "<group>"; };
		1D5AAA8810ED441E00F5EBCB /* vmmlib.hpp */ = {isa = PBXFileReference; fileEncoding = 4; lastKnownFileType = sourcecode.cpp.h; path = vmmlib.hpp; sourceTree = "<group>"; };
		1D5AAA8910ED441E00F5EBCB /* vmmlib_config.hpp */ = {isa = PBXFileReference; fileEncoding = 4; lastKnownFileType = sourcecode.cpp.h; path = vmmlib_config.hpp; sourceTree = "<group>"; };
		1D6058910D05DD3D006BFB54 /* GeoCompass.app */ = {isa = PBXFileReference; explicitFileType = wrapper.application; includeInIndex = 0; path = GeoCompass.app; sourceTree = BUILT_PRODUCTS_DIR; };
		1DD02A3E10ED211D009644B2 /* Arrow.xib */ = {isa = PBXFileReference; lastKnownFileType = file.xib; path = Arrow.xib; sourceTree = "<group>"; };
		1DD02A4110ED21B7009644B2 /* arrow.png */ = {isa = PBXFileReference; lastKnownFileType = image.png; path = arrow.png; sourceTree = "<group>"; };
		1DD02A4410ED2315009644B2 /* ArrowViewController.h */ = {isa = PBXFileReference; fileEncoding = 4; lastKnownFileType = sourcecode.c.h; name = ArrowViewController.h; path = ../ArrowViewController.h; sourceTree = "<group>"; };
		1DD02A4510ED2315009644B2 /* ArrowViewController.mm */ = {isa = PBXFileReference; fileEncoding = 4; lastKnownFileType = sourcecode.cpp.objcpp; name = ArrowViewController.mm; path = ../ArrowViewController.mm; sourceTree = "<group>"; };
		1DD02A4D10ED246A009644B2 /* CoreLocation.framework */ = {isa = PBXFileReference; lastKnownFileType = wrapper.framework; name = CoreLocation.framework; path = /System/Library/Frameworks/CoreLocation.framework; sourceTree = "<absolute>"; };
		1DF5F4DF0D08C38300B7A737 /* UIKit.framework */ = {isa = PBXFileReference; lastKnownFileType = wrapper.framework; name = UIKit.framework; path = System/Library/Frameworks/UIKit.framework; sourceTree = SDKROOT; };
		288765A40DF7441C002DB57D /* CoreGraphics.framework */ = {isa = PBXFileReference; lastKnownFileType = wrapper.framework; name = CoreGraphics.framework; path = System/Library/Frameworks/CoreGraphics.framework; sourceTree = SDKROOT; };
		28AD733E0D9D9553002E5188 /* MainWindow.xib */ = {isa = PBXFileReference; lastKnownFileType = file.xib; path = MainWindow.xib; sourceTree = "<group>"; };
		28C3AD890F43EF2300507BA6 /* GeoCompass.xcdatamodel */ = {isa = PBXFileReference; fileEncoding = 4; lastKnownFileType = wrapper.xcdatamodel; path = GeoCompass.xcdatamodel; sourceTree = "<group>"; };
		28D801B30F44B63D00FB423F /* CoreData.framework */ = {isa = PBXFileReference; lastKnownFileType = wrapper.framework; name = CoreData.framework; path = System/Library/Frameworks/CoreData.framework; sourceTree = SDKROOT; };
		29B97316FDCFA39411CA2CEA /* main.mm */ = {isa = PBXFileReference; fileEncoding = 4; lastKnownFileType = sourcecode.cpp.objcpp; path = main.mm; sourceTree = "<group>"; };
		32CA4F630368D1EE00C91783 /* GeoCompass_Prefix.pch */ = {isa = PBXFileReference; fileEncoding = 4; lastKnownFileType = sourcecode.c.h; path = GeoCompass_Prefix.pch; sourceTree = "<group>"; };
		8D1107310486CEB800E47090 /* GeoCompass-Info.plist */ = {isa = PBXFileReference; fileEncoding = 4; lastKnownFileType = text.plist.xml; path = "GeoCompass-Info.plist"; sourceTree = "<group>"; };
/* End PBXFileReference section */

/* Begin PBXFrameworksBuildPhase section */
		1D60588F0D05DD3D006BFB54 /* Frameworks */ = {
			isa = PBXFrameworksBuildPhase;
			buildActionMask = 2147483647;
			files = (
				1D60589F0D05DD5A006BFB54 /* Foundation.framework in Frameworks */,
				1DF5F4E00D08C38300B7A737 /* UIKit.framework in Frameworks */,
				288765A50DF7441C002DB57D /* CoreGraphics.framework in Frameworks */,
				28D801B40F44B63D00FB423F /* CoreData.framework in Frameworks */,
				1DD02A4E10ED246A009644B2 /* CoreLocation.framework in Frameworks */,
			);
			runOnlyForDeploymentPostprocessing = 0;
		};
/* End PBXFrameworksBuildPhase section */

/* Begin PBXGroup section */
		080E96DDFE201D6D7F000001 /* Classes */ = {
			isa = PBXGroup;
			children = (
				1D3623240D0F684500981E51 /* GeoCompassAppDelegate.h */,
				1D3623250D0F684500981E51 /* GeoCompassAppDelegate.mm */,
				1DD02A4410ED2315009644B2 /* ArrowViewController.h */,
				1DD02A4510ED2315009644B2 /* ArrowViewController.mm */,
			);
			path = Classes;
			sourceTree = "<group>";
		};
		19C28FACFE9D520D11CA2CBB /* Products */ = {
			isa = PBXGroup;
			children = (
				1D6058910D05DD3D006BFB54 /* GeoCompass.app */,
			);
			name = Products;
			sourceTree = "<group>";
		};
		1D5AAA6410ED441E00F5EBCB /* vmmlib */ = {
			isa = PBXGroup;
			children = (
				1D5AAA8310ED441E00F5EBCB /* vector3.h */,
				1D5AAA6510ED441E00F5EBCB /* axisAlignedBoundingBox.h */,
				1D5AAA6610ED441E00F5EBCB /* details.hpp */,
				1D5AAA6710ED441E00F5EBCB /* exception.hpp */,
				1D5AAA6810ED441E00F5EBCB /* frustum.h */,
				1D5AAA6910ED441E00F5EBCB /* frustum.hpp */,
				1D5AAA6A10ED441E00F5EBCB /* frustumCuller.h */,
				1D5AAA6B10ED441E00F5EBCB /* frustumCuller.hpp */,
				1D5AAA6C10ED441E00F5EBCB /* helperFunctions.h */,
				1D5AAA6D10ED441E00F5EBCB /* jacobiSolver.h */,
				1D5AAA6E10ED441E00F5EBCB /* jacobiSolver.hpp */,
				1D5AAA6F10ED441E00F5EBCB /* lapack.hpp */,
				1D5AAA7010ED441E00F5EBCB /* lapack_includes.hpp */,
				1D5AAA7110ED441E00F5EBCB /* lapack_linear_least_squares.hpp */,
				1D5AAA7210ED441E00F5EBCB /* lapack_svd.hpp */,
				1D5AAA7310ED441E00F5EBCB /* lapack_types.hpp */,
				1D5AAA7410ED441E00F5EBCB /* LICENSE */,
				1D5AAA7510ED441E00F5EBCB /* linear_least_squares.hpp */,
				1D5AAA7610ED441E00F5EBCB /* matrix.hpp */,
				1D5AAA7710ED441E00F5EBCB /* matrix3.h */,
				1D5AAA7810ED441E00F5EBCB /* matrix4.h */,
				1D5AAA7910ED441E00F5EBCB /* matrix_functors.hpp */,
				1D5AAA7A10ED441E00F5EBCB /* qr_decomposition.hpp */,
				1D5AAA7B10ED441E00F5EBCB /* quaternion.h */,
				1D5AAA7C10ED441E00F5EBCB /* quaternion.hpp */,
				1D5AAA7D10ED441E00F5EBCB /* stringUtils.h */,
				1D5AAA7E10ED441E00F5EBCB /* stringUtils.hpp */,
				1D5AAA7F10ED441E00F5EBCB /* svd.h */,
				1D5AAA8010ED441E00F5EBCB /* svd.hpp */,
				1D5AAA8110ED441E00F5EBCB /* vector.hpp */,
				1D5AAA8210ED441E00F5EBCB /* vector2.h */,
				1D5AAA8410ED441E00F5EBCB /* vector4.h */,
				1D5AAA8510ED441E00F5EBCB /* visibility.h */,
				1D5AAA8610ED441E00F5EBCB /* visibility.hpp */,
				1D5AAA8710ED441E00F5EBCB /* vmmlib.h */,
				1D5AAA8810ED441E00F5EBCB /* vmmlib.hpp */,
				1D5AAA8910ED441E00F5EBCB /* vmmlib_config.hpp */,
			);
			path = vmmlib;
			sourceTree = "<group>";
		};
		29B97314FDCFA39411CA2CEA /* CustomTemplate */ = {
			isa = PBXGroup;
			children = (
				080E96DDFE201D6D7F000001 /* Classes */,
				29B97315FDCFA39411CA2CEA /* Other Sources */,
				29B97317FDCFA39411CA2CEA /* Resources */,
				29B97323FDCFA39411CA2CEA /* Frameworks */,
				19C28FACFE9D520D11CA2CBB /* Products */,
				1DD02A4D10ED246A009644B2 /* CoreLocation.framework */,
			);
			name = CustomTemplate;
			sourceTree = "<group>";
		};
		29B97315FDCFA39411CA2CEA /* Other Sources */ = {
			isa = PBXGroup;
			children = (
				1D5AAA6410ED441E00F5EBCB /* vmmlib */,
				32CA4F630368D1EE00C91783 /* GeoCompass_Prefix.pch */,
				29B97316FDCFA39411CA2CEA /* main.mm */,
			);
			name = "Other Sources";
			sourceTree = "<group>";
		};
		29B97317FDCFA39411CA2CEA /* Resources */ = {
			isa = PBXGroup;
			children = (
				28C3AD890F43EF2300507BA6 /* GeoCompass.xcdatamodel */,
				28AD733E0D9D9553002E5188 /* MainWindow.xib */,
				8D1107310486CEB800E47090 /* GeoCompass-Info.plist */,
				1DD02A4110ED21B7009644B2 /* arrow.png */,
				1DD02A3E10ED211D009644B2 /* Arrow.xib */,
			);
			name = Resources;
			sourceTree = "<group>";
		};
		29B97323FDCFA39411CA2CEA /* Frameworks */ = {
			isa = PBXGroup;
			children = (
				1DF5F4DF0D08C38300B7A737 /* UIKit.framework */,
				1D30AB110D05D00D00671497 /* Foundation.framework */,
				288765A40DF7441C002DB57D /* CoreGraphics.framework */,
				28D801B30F44B63D00FB423F /* CoreData.framework */,
			);
			name = Frameworks;
			sourceTree = "<group>";
		};
/* End PBXGroup section */

/* Begin PBXNativeTarget section */
		1D6058900D05DD3D006BFB54 /* GeoCompass */ = {
			isa = PBXNativeTarget;
			buildConfigurationList = 1D6058960D05DD3E006BFB54 /* Build configuration list for PBXNativeTarget "GeoCompass" */;
			buildPhases = (
				1D60588D0D05DD3D006BFB54 /* Resources */,
				1D60588E0D05DD3D006BFB54 /* Sources */,
				1D60588F0D05DD3D006BFB54 /* Frameworks */,
			);
			buildRules = (
			);
			dependencies = (
			);
			name = GeoCompass;
			productName = GeoCompass;
			productReference = 1D6058910D05DD3D006BFB54 /* GeoCompass.app */;
			productType = "com.apple.product-type.application";
		};
/* End PBXNativeTarget section */

/* Begin PBXProject section */
		29B97313FDCFA39411CA2CEA /* Project object */ = {
			isa = PBXProject;
			buildConfigurationList = C01FCF4E08A954540054247B /* Build configuration list for PBXProject "GeoCompass" */;
			compatibilityVersion = "Xcode 3.1";
			hasScannedForEncodings = 1;
			mainGroup = 29B97314FDCFA39411CA2CEA /* CustomTemplate */;
			projectDirPath = "";
			projectRoot = "";
			targets = (
				1D6058900D05DD3D006BFB54 /* GeoCompass */,
			);
		};
/* End PBXProject section */

/* Begin PBXResourcesBuildPhase section */
		1D60588D0D05DD3D006BFB54 /* Resources */ = {
			isa = PBXResourcesBuildPhase;
			buildActionMask = 2147483647;
			files = (
				28AD733F0D9D9553002E5188 /* MainWindow.xib in Resources */,
				1DD02A3F10ED211D009644B2 /* Arrow.xib in Resources */,
				1DD02A4210ED21B7009644B2 /* arrow.png in Resources */,
				1D5AAA8A10ED441E00F5EBCB /* LICENSE in Resources */,
			);
			runOnlyForDeploymentPostprocessing = 0;
		};
/* End PBXResourcesBuildPhase section */

/* Begin PBXSourcesBuildPhase section */
		1D60588E0D05DD3D006BFB54 /* Sources */ = {
			isa = PBXSourcesBuildPhase;
			buildActionMask = 2147483647;
			files = (
				1D60589B0D05DD56006BFB54 /* main.mm in Sources */,
				1D3623260D0F684500981E51 /* GeoCompassAppDelegate.mm in Sources */,
				28C3AD8A0F43EF2300507BA6 /* GeoCompass.xcdatamodel in Sources */,
				1DD02A4610ED2315009644B2 /* ArrowViewController.mm in Sources */,
			);
			runOnlyForDeploymentPostprocessing = 0;
		};
/* End PBXSourcesBuildPhase section */

/* Begin XCBuildConfiguration section */
		1D6058940D05DD3E006BFB54 /* Debug */ = {
			isa = XCBuildConfiguration;
			buildSettings = {
				ALWAYS_SEARCH_USER_PATHS = NO;
				COPY_PHASE_STRIP = NO;
				FRAMEWORK_SEARCH_PATHS = (
					"$(inherited)",
					"\"/Volumes/Skiiing2/CD/ViewBased/Unknown Path/System/Library/Frameworks\"",
				);
				GCC_DYNAMIC_NO_PIC = NO;
				GCC_OPTIMIZATION_LEVEL = 0;
				GCC_PRECOMPILE_PREFIX_HEADER = YES;
				GCC_PREFIX_HEADER = GeoCompass_Prefix.pch;
				GCC_THUMB_SUPPORT = YES;
				INFOPLIST_FILE = "GeoCompass-Info.plist";
				PRODUCT_NAME = GeoCompass;
			};
			name = Debug;
		};
		1D6058950D05DD3E006BFB54 /* Release */ = {
			isa = XCBuildConfiguration;
			buildSettings = {
				ALWAYS_SEARCH_USER_PATHS = NO;
				COPY_PHASE_STRIP = YES;
				FRAMEWORK_SEARCH_PATHS = (
					"$(inherited)",
					"\"/Volumes/Skiiing2/CD/ViewBased/Unknown Path/System/Library/Frameworks\"",
				);
				GCC_PRECOMPILE_PREFIX_HEADER = YES;
				GCC_PREFIX_HEADER = GeoCompass_Prefix.pch;
				INFOPLIST_FILE = "GeoCompass-Info.plist";
				PRODUCT_NAME = GeoCompass;
			};
			name = Release;
		};
		C01FCF4F08A954540054247B /* Debug */ = {
			isa = XCBuildConfiguration;
			buildSettings = {
				ARCHS = "$(ARCHS_STANDARD_32_BIT)";
				"CODE_SIGN_IDENTITY[sdk=iphoneos*]" = "iPhone Developer";
				GCC_C_LANGUAGE_STANDARD = c99;
				GCC_WARN_ABOUT_RETURN_TYPE = YES;
				GCC_WARN_UNUSED_VARIABLE = YES;
				PREBINDING = NO;
				SDKROOT = iphoneos3.1;
			};
			name = Debug;
		};
		C01FCF5008A954540054247B /* Release */ = {
			isa = XCBuildConfiguration;
			buildSettings = {
				ARCHS = "$(ARCHS_STANDARD_32_BIT)";
				"CODE_SIGN_IDENTITY[sdk=iphoneos*]" = "iPhone Developer";
				GCC_C_LANGUAGE_STANDARD = c99;
				GCC_WARN_ABOUT_RETURN_TYPE = YES;
				GCC_WARN_UNUSED_VARIABLE = YES;
				PREBINDING = NO;
				SDKROOT = iphoneos3.1;
			};
			name = Release;
		};
/* End XCBuildConfiguration section */

/* Begin XCConfigurationList section */
		1D6058960D05DD3E006BFB54 /* Build configuration list for PBXNativeTarget "GeoCompass" */ = {
			isa = XCConfigurationList;
			buildConfigurations = (
				1D6058940D05DD3E006BFB54 /* Debug */,
				1D6058950D05DD3E006BFB54 /* Release */,
			);
			defaultConfigurationIsVisible = 0;
			defaultConfigurationName = Release;
		};
		C01FCF4E08A954540054247B /* Build configuration list for PBXProject "GeoCompass" */ = {
			isa = XCConfigurationList;
			buildConfigurations = (
				C01FCF4F08A954540054247B /* Debug */,
				C01FCF5008A954540054247B /* Release */,
			);
			defaultConfigurationIsVisible = 0;
			defaultConfigurationName = Release;
		};
/* End XCConfigurationList section */
	};
	rootObject = 29B97313FDCFA39411CA2CEA /* Project object */;
}
